
Microsoft Visual Studio Solution File, Format Version 12.00
# Visual Studio 15
Project("{FAE04EC0-301F-11D3-BF4B-00C04F79EFBC}") = "Assembly-CSharp", "Assembly-CSharp.csproj", "{918E8B27-C78F-6046-C3B5-1C83F147D40D}"
EndProject
Project("{FAE04EC0-301F-11D3-BF4B-00C04F79EFBC}") = "Assembly-CSharp-Editor", "Assembly-CSharp-Editor.csproj", "{1D119EF6-E506-CF5B-D697-6B910BA1D231}"
EndProject
Global
	GlobalSection(SolutionConfigurationPlatforms) = preSolution
		Debug|Any CPU = Debug|Any CPU
		Release|Any CPU = Release|Any CPU
	EndGlobalSection
	GlobalSection(ProjectConfigurationPlatforms) = postSolution
		{918E8B27-C78F-6046-C3B5-1C83F147D40D}.Debug|Any CPU.ActiveCfg = Debug|Any CPU
		{918E8B27-C78F-6046-C3B5-1C83F147D40D}.Debug|Any CPU.Build.0 = Debug|Any CPU
		{918E8B27-C78F-6046-C3B5-1C83F147D40D}.Release|Any CPU.ActiveCfg = Release|Any CPU
		{918E8B27-C78F-6046-C3B5-1C83F147D40D}.Release|Any CPU.Build.0 = Release|Any CPU
		{1D119EF6-E506-CF5B-D697-6B910BA1D231}.Debug|Any CPU.ActiveCfg = Debug|Any CPU
		{1D119EF6-E506-CF5B-D697-6B910BA1D231}.Debug|Any CPU.Build.0 = Debug|Any CPU
		{1D119EF6-E506-CF5B-D697-6B910BA1D231}.Release|Any CPU.ActiveCfg = Release|Any CPU
		{1D119EF6-E506-CF5B-D697-6B910BA1D231}.Release|Any CPU.Build.0 = Release|Any CPU
	EndGlobalSection
	GlobalSection(SolutionProperties) = preSolution
		HideSolutionNode = FALSE
	EndGlobalSection
EndGlobal
